# THIS IS AN AUTOGENERATED FILE. DO NOT EDIT THIS FILE DIRECTLY.
# yarn lockfile v1


babel-polyfill@^6.26.0:
  version "6.26.0"
  resolved "https://registry.yarnpkg.com/babel-polyfill/-/babel-polyfill-6.26.0.tgz#379937abc67d7895970adc621f284cd966cf2153"
  integrity sha1-N5k3q8Z9eJWXCtxiHyhM2WbPIVM=
  dependencies:
    babel-runtime "^6.26.0"
    core-js "^2.5.0"
    regenerator-runtime "^0.10.5"

babel-runtime@^6.26.0:
  version "6.26.0"
  resolved "https://registry.yarnpkg.com/babel-runtime/-/babel-runtime-6.26.0.tgz#965c7058668e82b55d7bfe04ff2337bc8b5647fe"
  integrity sha1-llxwWGaOgrVde/4E/yM3vItWR/4=
  dependencies:
    core-js "^2.4.0"
    regenerator-runtime "^0.11.0"

core-js@^2.4.0, core-js@^2.5.0:
  version "2.6.5"
  resolved "https://registry.yarnpkg.com/core-js/-/core-js-2.6.5.tgz#44bc8d249e7fb2ff5d00e0341a7ffb94fbf67895"
  integrity sha512-klh/kDpwX8hryYL14M9w/xei6vrv6sE8gTHDG7/T/+SEovB/G4ejwcfE/CBzO6Edsu+OETZMZ3wcX/EjUkrl5A==

driver-browser@^0.5.4:
  version "0.5.4"
  resolved "https://registry.yarnpkg.com/driver-browser/-/driver-browser-0.5.4.tgz#d33e44a1ea6b04444219e8f843ddb255c739469c"
  integrity sha512-6bsiJQoJ8L0A62EHICr+1NlixcvpyBXiYJ229KJ98fzAg60OUjLI98tbgij/rwict5Qxjt03gQ6LIdOGL08Eag==
  dependencies:
    style-unit "^0.5.4"

driver-server@^0.5.4:
  version "0.5.4"
  resolved "https://registry.yarnpkg.com/driver-server/-/driver-server-0.5.4.tgz#d58ab11ad42fd2b2a0866d4dadc94b49b2e9242e"
  integrity sha512-TKUFgKuSFqUMEwa0lIs8HYw8og40Jd9Z4QO1lWbjT4IX7FsEZdV5s1si+D+QUfR81hwfs9AvcdSdfwfANqxkBQ==
  dependencies:
    style-unit "^0.5.4"

driver-weex@^0.5.4:
  version "0.5.4"
  resolved "https://registry.yarnpkg.com/driver-weex/-/driver-weex-0.5.4.tgz#510df39e004105919cd0304b3ee411a1b1caaa66"
  integrity sha512-Xqo/bmg2bzz0Wd2wqjFA2OujmQvqod4Zj9MNVRv1etMKbNbd/yLnXqGi+/TzUWezw2SsZSL716Bnhm9h1tTP2A==
  dependencies:
    style-unit "^0.5.4"

invariant@^2.0.0:
  version "2.2.4"
  resolved "https://registry.yarnpkg.com/invariant/-/invariant-2.2.4.tgz#610f3c92c9359ce1db616e538008d23ff35158e6"
  integrity sha512-phJfQVBuaJM5raOpJjSfkiD6BpbCE4Ns//LaXl6wGYtUBY83nWS6Rf9tXm2e8VaK60JEjYldbPif/A2B1C2gNA==
  dependencies:
    loose-envify "^1.0.0"

"js-tokens@^3.0.0 || ^4.0.0":
  version "4.0.0"
  resolved "https://registry.yarnpkg.com/js-tokens/-/js-tokens-4.0.0.tgz#19203fb59991df98e3a287050d4647cdeaf32499"
  integrity sha512-RdJUflcE3cUzKiMqQgsCu06FPu9UdIJO0beYbPhHN4k6apgJtifcoCtT9bcxOpYBtpD2kCM6Sbzg4CausW/PKQ==

lodash-es@^4.2.1:
  version "4.17.11"
  resolved "https://registry.yarnpkg.com/lodash-es/-/lodash-es-4.17.11.tgz#145ab4a7ac5c5e52a3531fb4f310255a152b4be0"
  integrity sha512-DHb1ub+rMjjrxqlB3H56/6MXtm1lSksDp2rA2cNWjG8mlDUYFhUj3Di2Zn5IwSU87xLv8tNIQ7sSwE/YOX/D/Q==

lodash._getnative@^3.0.0:
  version "3.9.1"
  resolved "https://registry.yarnpkg.com/lodash._getnative/-/lodash._getnative-3.9.1.tgz#570bc7dede46d61cdcde687d65d3eecbaa3aaff5"
  integrity sha1-VwvH3t5G1hzc3mh9ZdPuy6o6r/U=

lodash.isarguments@^3.0.0:
  version "3.1.0"
  resolved "https://registry.yarnpkg.com/lodash.isarguments/-/lodash.isarguments-3.1.0.tgz#2f573d85c6a24289ff00663b491c1d338ff3458a"
  integrity sha1-L1c9hcaiQon/AGY7SRwdM4/zRYo=

lodash.isarray@^3.0.0:
  version "3.0.4"
  resolved "https://registry.yarnpkg.com/lodash.isarray/-/lodash.isarray-3.0.4.tgz#79e4eb88c36a8122af86f844aa9bcd851b5fbb55"
  integrity sha1-eeTriMNqgSKvhvhEqpvNhRtfu1U=

lodash.isplainobject@^4.0.6:
  version "4.0.6"
  resolved "https://registry.yarnpkg.com/lodash.isplainobject/-/lodash.isplainobject-4.0.6.tgz#7c526a52d89b45c45cc690b88163be0497f550cb"
  integrity sha1-fFJqUtibRcRcxpC4gWO+BJf1UMs=

lodash.keys@^3.1.2:
  version "3.1.2"
  resolved "https://registry.yarnpkg.com/lodash.keys/-/lodash.keys-3.1.2.tgz#4dbc0472b156be50a0b286855d1bd0b0c656098a"
  integrity sha1-TbwEcrFWvlCgsoaFXRvQsMZWCYo=
  dependencies:
    lodash._getnative "^3.0.0"
    lodash.isarguments "^3.0.0"
    lodash.isarray "^3.0.0"

lodash@^4.2.1:
  version "4.17.11"
  resolved "https://registry.yarnpkg.com/lodash/-/lodash-4.17.11.tgz#b39ea6229ef607ecd89e2c8df12536891cac9b8d"
  integrity sha512-cQKh8igo5QUhZ7lg38DYWAxMvjSAKG0A8wGSVimP07SIUEK2UO+arSRKbRZWtelMtN5V0Hkwh5ryOto/SshYIg==

loose-envify@^1.0.0, loose-envify@^1.1.0, loose-envify@^1.4.0:
  version "1.4.0"
  resolved "https://registry.yarnpkg.com/loose-envify/-/loose-envify-1.4.0.tgz#71ee51fa7be4caec1a63839f7e682d8132d30caf"
  integrity sha512-lyuxPGr/Wfhrlem2CL/UcnUc1zcqKAImBDzukY7Y5F/yQiNdko6+fRLevlw1HgMySw7f611UIY408EtxRSoK3Q==
  dependencies:
    js-tokens "^3.0.0 || ^4.0.0"

object-assign@^4.1.1:
  version "4.1.1"
  resolved "https://registry.yarnpkg.com/object-assign/-/object-assign-4.1.1.tgz#2109adc7965887cfc05cbbd442cac8bfbb360863"
  integrity sha1-IQmtx5ZYh8/AXLvUQsrIv7s2CGM=

prop-types@^15.6.2:
  version "15.7.2"
  resolved "https://registry.yarnpkg.com/prop-types/-/prop-types-15.7.2.tgz#52c41e75b8c87e72b9d9360e0206b99dcbffa6c5"
  integrity sha512-8QQikdH7//R2vurIJSutZ1smHYTcLpRWEOlHnzcWHmBYrOGUysKwSsrC89BCiFj3CbrfJ/nXFdJepOVrY1GCHQ==
  dependencies:
    loose-envify "^1.4.0"
    object-assign "^4.1.1"
    react-is "^16.8.1"

rax-dom@^0.5.2:
  version "0.5.4"
  resolved "https://registry.yarnpkg.com/rax-dom/-/rax-dom-0.5.4.tgz#be14415e3a061cc716df6fe69249074d314ec6bb"
  integrity sha512-mlJ+ZZvCd9R7XXTF09esaiG5+mx2d6nTx/+5uaB/3HLnT1PWU/rasSRNkHh728mPBMkpYHF95bIWGDonX9HD8w==
  dependencies:
    rax "^0.5.4"

rax-redux@^0.5.2:
  version "0.5.4"
  resolved "https://registry.yarnpkg.com/rax-redux/-/rax-redux-0.5.4.tgz#f7632446c9fd9228511d58c00bec58de2de2e51e"
  integrity sha512-soUdsHxBmgLJEK/fVffXyimJx2R8XsceoHUmydw916TJbHSVVJ20JwA/SyIVxv3cx09hrbwuBh3hMqZYPvGiyw==
  dependencies:
    invariant "^2.0.0"
    lodash.isplainobject "^4.0.6"
    redux "^3.6.0"
    shallowequal "^0.2.2"

rax-text@^0.5.0:
  version "0.5.4"
  resolved "https://registry.yarnpkg.com/rax-text/-/rax-text-0.5.4.tgz#ba4db71f051d699db9a71059c6c19058ef5d7f78"
  integrity sha512-psI/YFyudRMeY/U+gUu0bGr8xZScd//GRGIoxo/+1mBv9HL6qsJJge/mHvwUGZ7e+CwzHBUgWFjtoFz1MbBV7g==
  dependencies:
    universal-env "^0.5.4"

rax-view@^0.5.0:
  version "0.5.4"
  resolved "https://registry.yarnpkg.com/rax-view/-/rax-view-0.5.4.tgz#a55dc94d5c7e97174dd9368d0e6def623b9c1a74"
  integrity sha512-VqjFuFtBZHmNMBoG6naM9V73ve+0IlspBj8KiFmQAGWIgs/19gZtGU0b8JSauOkUpJsfL48gV+bfZI+Yz3A7fQ==
  dependencies:
    universal-env "^0.5.4"

rax@^0.5.0, rax@^0.5.4:
  version "0.5.4"
  resolved "https://registry.yarnpkg.com/rax/-/rax-0.5.4.tgz#1074d1d9c0362250da87ee8a10eb11d94df8c1b3"
  integrity sha512-jEcbEvc8XDIkbqRRXHnIdfUm+BamnpoHQT5mrktMhoIySGqq/Wg7nZDyDI1YfuFMuzS+A5v6x1c5AQuPGCBkiw==
  dependencies:
    driver-browser "^0.5.4"
    driver-server "^0.5.4"
    driver-weex "^0.5.4"
    style-unit "^0.5.4"
    universal-env "^0.5.4"

react-is@^16.8.1:
  version "16.8.3"
  resolved "https://registry.yarnpkg.com/react-is/-/react-is-16.8.3.tgz#4ad8b029c2a718fc0cfc746c8d4e1b7221e5387d"
  integrity sha512-Y4rC1ZJmsxxkkPuMLwvKvlL1Zfpbcu+Bf4ZigkHup3v9EfdYhAlWAaVyA19olXq2o2mGn0w+dFKvk3pVVlYcIA==

react@^16.2.0:
  version "16.8.3"
  resolved "https://registry.yarnpkg.com/react/-/react-16.8.3.tgz#c6f988a2ce895375de216edcfaedd6b9a76451d9"
  integrity sha512-3UoSIsEq8yTJuSu0luO1QQWYbgGEILm+eJl2QN/VLDi7hL+EN18M3q3oVZwmVzzBJ3DkM7RMdRwBmZZ+b4IzSA==
  dependencies:
    loose-envify "^1.1.0"
    object-assign "^4.1.1"
    prop-types "^15.6.2"
    scheduler "^0.13.3"

redux@^3.6.0, redux@^3.7.2:
  version "3.7.2"
  resolved "https://registry.yarnpkg.com/redux/-/redux-3.7.2.tgz#06b73123215901d25d065be342eb026bc1c8537b"
  integrity sha512-pNqnf9q1hI5HHZRBkj3bAngGZW/JMCmexDlOxw4XagXY2o1327nHH54LoTjiPJ0gizoqPDRqWyX/00g0hD6w+A==
  dependencies:
    lodash "^4.2.1"
    lodash-es "^4.2.1"
    loose-envify "^1.1.0"
    symbol-observable "^1.0.3"

regenerator-runtime@^0.10.5:
  version "0.10.5"
  resolved "https://registry.yarnpkg.com/regenerator-runtime/-/regenerator-runtime-0.10.5.tgz#336c3efc1220adcedda2c9fab67b5a7955a33658"
  integrity sha1-M2w+/BIgrc7dosn6tntaeVWjNlg=

regenerator-runtime@^0.11.0:
  version "0.11.1"
  resolved "https://registry.yarnpkg.com/regenerator-runtime/-/regenerator-runtime-0.11.1.tgz#be05ad7f9bf7d22e056f9726cee5017fbf19e2e9"
  integrity sha512-MguG95oij0fC3QV3URf4V2SDYGJhJnJGqvIIgdECeODCT98wSWDAJ94SSuVpYQUoTcGUIL6L4yNB7j1DFFHSBg==

scheduler@^0.13.3:
  version "0.13.3"
  resolved "https://registry.yarnpkg.com/scheduler/-/scheduler-0.13.3.tgz#bed3c5850f62ea9c716a4d781f9daeb9b2a58896"
  integrity sha512-UxN5QRYWtpR1egNWzJcVLk8jlegxAugswQc984lD3kU7NuobsO37/sRfbpTdBjtnD5TBNFA2Q2oLV5+UmPSmEQ==
  dependencies:
    loose-envify "^1.1.0"
    object-assign "^4.1.1"

shallowequal@^0.2.2:
  version "0.2.2"
  resolved "https://registry.yarnpkg.com/shallowequal/-/shallowequal-0.2.2.tgz#1e32fd5bcab6ad688a4812cb0cc04efc75c7014e"
  integrity sha1-HjL9W8q2rWiKSBLLDMBO/HXHAU4=
  dependencies:
    lodash.keys "^3.1.2"

style-unit@^0.5.4:
  version "0.5.4"
  resolved "https://registry.yarnpkg.com/style-unit/-/style-unit-0.5.4.tgz#9d34c523f5cae55e190412b9595c21c8a400f500"
  integrity sha512-M6U9Dz82IF8lx1k+dCdmWzAxXCEHiDWcKi2lOWXPtbUEV88JvpWA4+QlOUUKSSljuBS02en6tSxqoW0sdxzvzg==

symbol-observable@^1.0.3:
  version "1.2.0"
  resolved "https://registry.yarnpkg.com/symbol-observable/-/symbol-observable-1.2.0.tgz#c22688aed4eab3cdc2dfeacbb561660560a00804"
  integrity sha512-e900nM8RRtGhlV36KGEU9k65K3mPb1WV70OdjfxlG2EAuM1noi/E/BaW/uMhL7bPEssK8QV57vN3esixjUvcXQ==

universal-env@^0.5.4:
  version "0.5.4"
  resolved "https://registry.yarnpkg.com/universal-env/-/universal-env-0.5.4.tgz#d4df26005c961616413d5f3c0b9d8cac0f2e1ff1"
  integrity sha512-Swe7kdl7IO8zvVA6SS4OERD0tVhms8klLx26bvi7Kmdge1bkfvg8Se9JQcYEU6H3hKyyNYaCFl19tmXyEmtgCw==
