# THIS IS AN AUTOGENERATED FILE. DO NOT EDIT THIS FILE DIRECTLY.
# yarn lockfile v1


"@babel/code-frame@^7.0.0":
  version "7.0.0"
  resolved "https://registry.yarnpkg.com/@babel/code-frame/-/code-frame-7.0.0.tgz#06e2ab19bdb535385559aabb5ba59729482800f8"
  dependencies:
    "@babel/highlight" "^7.0.0"

"@babel/core@^7.1.2":
  version "7.1.2"
  resolved "https://registry.yarnpkg.com/@babel/core/-/core-7.1.2.tgz#f8d2a9ceb6832887329a7b60f9d035791400ba4e"
  dependencies:
    "@babel/code-frame" "^7.0.0"
    "@babel/generator" "^7.1.2"
    "@babel/helpers" "^7.1.2"
    "@babel/parser" "^7.1.2"
    "@babel/template" "^7.1.2"
    "@babel/traverse" "^7.1.0"
    "@babel/types" "^7.1.2"
    convert-source-map "^1.1.0"
    debug "^3.1.0"
    json5 "^0.5.0"
    lodash "^4.17.10"
    resolve "^1.3.2"
    semver "^5.4.1"
    source-map "^0.5.0"

"@babel/generator@^7.1.2", "@babel/generator@^7.1.3":
  version "7.1.3"
  resolved "https://registry.yarnpkg.com/@babel/generator/-/generator-7.1.3.tgz#2103ec9c42d9bdad9190a6ad5ff2d456fd7b8673"
  dependencies:
    "@babel/types" "^7.1.3"
    jsesc "^2.5.1"
    lodash "^4.17.10"
    source-map "^0.5.0"
    trim-right "^1.0.1"

"@babel/helper-function-name@^7.1.0":
  version "7.1.0"
  resolved "https://registry.yarnpkg.com/@babel/helper-function-name/-/helper-function-name-7.1.0.tgz#a0ceb01685f73355d4360c1247f582bfafc8ff53"
  dependencies:
    "@babel/helper-get-function-arity" "^7.0.0"
    "@babel/template" "^7.1.0"
    "@babel/types" "^7.0.0"

"@babel/helper-get-function-arity@^7.0.0":
  version "7.0.0"
  resolved "https://registry.yarnpkg.com/@babel/helper-get-function-arity/-/helper-get-function-arity-7.0.0.tgz#83572d4320e2a4657263734113c42868b64e49c3"
  dependencies:
    "@babel/types" "^7.0.0"

"@babel/helper-plugin-utils@^7.0.0":
  version "7.0.0"
  resolved "https://registry.yarnpkg.com/@babel/helper-plugin-utils/-/helper-plugin-utils-7.0.0.tgz#bbb3fbee98661c569034237cc03967ba99b4f250"

"@babel/helper-split-export-declaration@^7.0.0":
  version "7.0.0"
  resolved "https://registry.yarnpkg.com/@babel/helper-split-export-declaration/-/helper-split-export-declaration-7.0.0.tgz#3aae285c0311c2ab095d997b8c9a94cad547d813"
  dependencies:
    "@babel/types" "^7.0.0"

"@babel/helpers@^7.1.2":
  version "7.1.2"
  resolved "https://registry.yarnpkg.com/@babel/helpers/-/helpers-7.1.2.tgz#ab752e8c35ef7d39987df4e8586c63b8846234b5"
  dependencies:
    "@babel/template" "^7.1.2"
    "@babel/traverse" "^7.1.0"
    "@babel/types" "^7.1.2"

"@babel/highlight@^7.0.0":
  version "7.0.0"
  resolved "https://registry.yarnpkg.com/@babel/highlight/-/highlight-7.0.0.tgz#f710c38c8d458e6dd9a201afb637fcb781ce99e4"
  dependencies:
    chalk "^2.0.0"
    esutils "^2.0.2"
    js-tokens "^4.0.0"

"@babel/parser@^7.1.2", "@babel/parser@^7.1.3":
  version "7.1.3"
  resolved "https://registry.yarnpkg.com/@babel/parser/-/parser-7.1.3.tgz#2c92469bac2b7fbff810b67fca07bd138b48af77"

"@babel/plugin-syntax-typescript@^7.0.0":
  version "7.0.0"
  resolved "https://registry.yarnpkg.com/@babel/plugin-syntax-typescript/-/plugin-syntax-typescript-7.0.0.tgz#90f4fe0a741ae9c0dcdc3017717c05a0cbbd5158"
  dependencies:
    "@babel/helper-plugin-utils" "^7.0.0"

"@babel/plugin-transform-typescript@^7.1.0":
  version "7.1.0"
  resolved "https://registry.yarnpkg.com/@babel/plugin-transform-typescript/-/plugin-transform-typescript-7.1.0.tgz#81e7b4be90e7317cbd04bf1163ebf06b2adee60b"
  dependencies:
    "@babel/helper-plugin-utils" "^7.0.0"
    "@babel/plugin-syntax-typescript" "^7.0.0"

"@babel/preset-typescript@^7.0.0":
  version "7.1.0"
  resolved "https://registry.yarnpkg.com/@babel/preset-typescript/-/preset-typescript-7.1.0.tgz#49ad6e2084ff0bfb5f1f7fb3b5e76c434d442c7f"
  dependencies:
    "@babel/helper-plugin-utils" "^7.0.0"
    "@babel/plugin-transform-typescript" "^7.1.0"

"@babel/template@^7.1.0", "@babel/template@^7.1.2":
  version "7.1.2"
  resolved "https://registry.yarnpkg.com/@babel/template/-/template-7.1.2.tgz#090484a574fef5a2d2d7726a674eceda5c5b5644"
  dependencies:
    "@babel/code-frame" "^7.0.0"
    "@babel/parser" "^7.1.2"
    "@babel/types" "^7.1.2"

"@babel/traverse@^7.1.0":
  version "7.1.4"
  resolved "https://registry.yarnpkg.com/@babel/traverse/-/traverse-7.1.4.tgz#f4f83b93d649b4b2c91121a9087fa2fa949ec2b4"
  dependencies:
    "@babel/code-frame" "^7.0.0"
    "@babel/generator" "^7.1.3"
    "@babel/helper-function-name" "^7.1.0"
    "@babel/helper-split-export-declaration" "^7.0.0"
    "@babel/parser" "^7.1.3"
    "@babel/types" "^7.1.3"
    debug "^3.1.0"
    globals "^11.1.0"
    lodash "^4.17.10"

"@babel/types@^7.0.0", "@babel/types@^7.1.2", "@babel/types@^7.1.3":
  version "7.1.3"
  resolved "https://registry.yarnpkg.com/@babel/types/-/types-7.1.3.tgz#3a767004567060c2f40fca49a304712c525ee37d"
  dependencies:
    esutils "^2.0.2"
    lodash "^4.17.10"
    to-fast-properties "^2.0.0"

"@types/prop-types@*":
  version "15.5.4"
  resolved "https://registry.yarnpkg.com/@types/prop-types/-/prop-types-15.5.4.tgz#9e6199bad131786e24c2baa2a82705a02139fbf8"
  dependencies:
    "@types/react" "*"

"@types/react@*", "@types/react@^16.4.6":
  version "16.4.8"
  resolved "https://registry.yarnpkg.com/@types/react/-/react-16.4.8.tgz#ff0440429783df0927bdcd430fa1225f7c08cf36"
  dependencies:
    "@types/prop-types" "*"
    csstype "^2.2.0"

ansi-styles@^3.2.1:
  version "3.2.1"
  resolved "https://registry.yarnpkg.com/ansi-styles/-/ansi-styles-3.2.1.tgz#41fbb20243e50b12be0f04b8dedbf07520ce841d"
  dependencies:
    color-convert "^1.9.0"

arr-diff@^4.0.0:
  version "4.0.0"
  resolved "https://registry.yarnpkg.com/arr-diff/-/arr-diff-4.0.0.tgz#d6461074febfec71e7e15235761a329a5dc7c520"

arr-flatten@^1.1.0:
  version "1.1.0"
  resolved "https://registry.yarnpkg.com/arr-flatten/-/arr-flatten-1.1.0.tgz#36048bbff4e7b47e136644316c99669ea5ae91f1"

arr-union@^3.1.0:
  version "3.1.0"
  resolved "https://registry.yarnpkg.com/arr-union/-/arr-union-3.1.0.tgz#e39b09aea9def866a8f206e288af63919bae39c4"

array-unique@^0.3.2:
  version "0.3.2"
  resolved "https://registry.yarnpkg.com/array-unique/-/array-unique-0.3.2.tgz#a894b75d4bc4f6cd679ef3244a9fd8f46ae2d428"

asap@~2.0.3:
  version "2.0.6"
  resolved "https://registry.yarnpkg.com/asap/-/asap-2.0.6.tgz#e50347611d7e690943208bbdafebcbc2fb866d46"

assign-symbols@^1.0.0:
  version "1.0.0"
  resolved "https://registry.yarnpkg.com/assign-symbols/-/assign-symbols-1.0.0.tgz#59667f41fadd4f20ccbc2bb96b8d4f7f78ec0367"

atob@^2.1.1:
  version "2.1.2"
  resolved "https://registry.yarnpkg.com/atob/-/atob-2.1.2.tgz#6d9517eb9e030d2436666651e86bd9f6f13533c9"

awesome-typescript-loader@^5.2.1:
  version "5.2.1"
  resolved "https://registry.yarnpkg.com/awesome-typescript-loader/-/awesome-typescript-loader-5.2.1.tgz#a41daf7847515f4925cdbaa3075d61f289e913fc"
  dependencies:
    chalk "^2.4.1"
    enhanced-resolve "^4.0.0"
    loader-utils "^1.1.0"
    lodash "^4.17.5"
    micromatch "^3.1.9"
    mkdirp "^0.5.1"
    source-map-support "^0.5.3"
    webpack-log "^1.2.0"

babel-loader@^8.0.0:
  version "8.0.4"
  resolved "https://registry.yarnpkg.com/babel-loader/-/babel-loader-8.0.4.tgz#7bbf20cbe4560629e2e41534147692d3fecbdce6"
  dependencies:
    find-cache-dir "^1.0.0"
    loader-utils "^1.0.2"
    mkdirp "^0.5.1"
    util.promisify "^1.0.0"

base@^0.11.1:
  version "0.11.2"
  resolved "https://registry.yarnpkg.com/base/-/base-0.11.2.tgz#7bde5ced145b6d551a90db87f83c558b4eb48a8f"
  dependencies:
    cache-base "^1.0.1"
    class-utils "^0.3.5"
    component-emitter "^1.2.1"
    define-property "^1.0.0"
    isobject "^3.0.1"
    mixin-deep "^1.2.0"
    pascalcase "^0.1.1"

big.js@^3.1.3:
  version "3.2.0"
  resolved "https://registry.yarnpkg.com/big.js/-/big.js-3.2.0.tgz#a5fc298b81b9e0dca2e458824784b65c52ba588e"

braces@^2.3.1:
  version "2.3.2"
  resolved "https://registry.yarnpkg.com/braces/-/braces-2.3.2.tgz#5979fd3f14cd531565e5fa2df1abfff1dfaee729"
  dependencies:
    arr-flatten "^1.1.0"
    array-unique "^0.3.2"
    extend-shallow "^2.0.1"
    fill-range "^4.0.0"
    isobject "^3.0.1"
    repeat-element "^1.1.2"
    snapdragon "^0.8.1"
    snapdragon-node "^2.0.1"
    split-string "^3.0.2"
    to-regex "^3.0.1"

buffer-from@^1.0.0:
  version "1.1.1"
  resolved "https://registry.yarnpkg.com/buffer-from/-/buffer-from-1.1.1.tgz#32713bc028f75c02fdb710d7c7bcec1f2c6070ef"

cache-base@^1.0.1:
  version "1.0.1"
  resolved "https://registry.yarnpkg.com/cache-base/-/cache-base-1.0.1.tgz#0a7f46416831c8b662ee36fe4e7c59d76f666ab2"
  dependencies:
    collection-visit "^1.0.0"
    component-emitter "^1.2.1"
    get-value "^2.0.6"
    has-value "^1.0.0"
    isobject "^3.0.1"
    set-value "^2.0.0"
    to-object-path "^0.3.0"
    union-value "^1.0.0"
    unset-value "^1.0.0"

chalk@^2.0.0, chalk@^2.0.1, chalk@^2.1.0, chalk@^2.4.1:
  version "2.4.1"
  resolved "https://registry.yarnpkg.com/chalk/-/chalk-2.4.1.tgz#18c49ab16a037b6eb0152cc83e3471338215b66e"
  dependencies:
    ansi-styles "^3.2.1"
    escape-string-regexp "^1.0.5"
    supports-color "^5.3.0"

class-utils@^0.3.5:
  version "0.3.6"
  resolved "https://registry.yarnpkg.com/class-utils/-/class-utils-0.3.6.tgz#f93369ae8b9a7ce02fd41faad0ca83033190c463"
  dependencies:
    arr-union "^3.1.0"
    define-property "^0.2.5"
    isobject "^3.0.0"
    static-extend "^0.1.1"

collection-visit@^1.0.0:
  version "1.0.0"
  resolved "https://registry.yarnpkg.com/collection-visit/-/collection-visit-1.0.0.tgz#4bc0373c164bc3291b4d368c829cf1a80a59dca0"
  dependencies:
    map-visit "^1.0.0"
    object-visit "^1.0.0"

color-convert@^1.9.0:
  version "1.9.3"
  resolved "https://registry.yarnpkg.com/color-convert/-/color-convert-1.9.3.tgz#bb71850690e1f136567de629d2d5471deda4c1e8"
  dependencies:
    color-name "1.1.3"

color-name@1.1.3:
  version "1.1.3"
  resolved "https://registry.yarnpkg.com/color-name/-/color-name-1.1.3.tgz#a7d0558bd89c42f795dd42328f740831ca53bc25"

commondir@^1.0.1:
  version "1.0.1"
  resolved "https://registry.yarnpkg.com/commondir/-/commondir-1.0.1.tgz#ddd800da0c66127393cca5950ea968a3aaf1253b"

component-emitter@^1.2.1:
  version "1.2.1"
  resolved "https://registry.yarnpkg.com/component-emitter/-/component-emitter-1.2.1.tgz#137918d6d78283f7df7a6b7c5a63e140e69425e6"

convert-source-map@^1.1.0:
  version "1.6.0"
  resolved "https://registry.yarnpkg.com/convert-source-map/-/convert-source-map-1.6.0.tgz#51b537a8c43e0f04dec1993bffcdd504e758ac20"
  dependencies:
    safe-buffer "~5.1.1"

copy-descriptor@^0.1.0:
  version "0.1.1"
  resolved "https://registry.yarnpkg.com/copy-descriptor/-/copy-descriptor-0.1.1.tgz#676f6eb3c39997c2ee1ac3a924fd6124748f578d"

core-js@^1.0.0:
  version "1.2.7"
  resolved "https://registry.yarnpkg.com/core-js/-/core-js-1.2.7.tgz#652294c14651db28fa93bd2d5ff2983a4f08c636"

core-util-is@~1.0.0:
  version "1.0.2"
  resolved "https://registry.yarnpkg.com/core-util-is/-/core-util-is-1.0.2.tgz#b5fd54220aa2bc5ab57aab7140c940754503c1a7"

csstype@^2.2.0:
  version "2.5.6"
  resolved "https://registry.yarnpkg.com/csstype/-/csstype-2.5.6.tgz#2ae1db2319642d8b80a668d2d025c6196071e788"

d@1:
  version "1.0.0"
  resolved "http://registry.npmjs.org/d/-/d-1.0.0.tgz#754bb5bfe55451da69a58b94d45f4c5b0462d58f"
  dependencies:
    es5-ext "^0.10.9"

debug@^2.2.0, debug@^2.3.3:
  version "2.6.9"
  resolved "https://registry.yarnpkg.com/debug/-/debug-2.6.9.tgz#5d128515df134ff327e90a4c93f4e077a536341f"
  dependencies:
    ms "2.0.0"

debug@^3.1.0:
  version "3.2.6"
  resolved "https://registry.yarnpkg.com/debug/-/debug-3.2.6.tgz#e83d17de16d8a7efb7717edbe5fb10135eee629b"
  dependencies:
    ms "^2.1.1"

decode-uri-component@^0.2.0:
  version "0.2.0"
  resolved "https://registry.yarnpkg.com/decode-uri-component/-/decode-uri-component-0.2.0.tgz#eb3913333458775cb84cd1a1fae062106bb87545"

define-properties@^1.1.2:
  version "1.1.2"
  resolved "https://registry.yarnpkg.com/define-properties/-/define-properties-1.1.2.tgz#83a73f2fea569898fb737193c8f873caf6d45c94"
  dependencies:
    foreach "^2.0.5"
    object-keys "^1.0.8"

define-property@^0.2.5:
  version "0.2.5"
  resolved "https://registry.yarnpkg.com/define-property/-/define-property-0.2.5.tgz#c35b1ef918ec3c990f9a5bc57be04aacec5c8116"
  dependencies:
    is-descriptor "^0.1.0"

define-property@^1.0.0:
  version "1.0.0"
  resolved "https://registry.yarnpkg.com/define-property/-/define-property-1.0.0.tgz#769ebaaf3f4a63aad3af9e8d304c9bbe79bfb0e6"
  dependencies:
    is-descriptor "^1.0.0"

define-property@^2.0.2:
  version "2.0.2"
  resolved "https://registry.yarnpkg.com/define-property/-/define-property-2.0.2.tgz#d459689e8d654ba77e02a817f8710d702cb16e9d"
  dependencies:
    is-descriptor "^1.0.2"
    isobject "^3.0.1"

emojis-list@^2.0.0:
  version "2.1.0"
  resolved "https://registry.yarnpkg.com/emojis-list/-/emojis-list-2.1.0.tgz#4daa4d9db00f9819880c79fa457ae5b09a1fd389"

encoding@^0.1.11:
  version "0.1.12"
  resolved "https://registry.yarnpkg.com/encoding/-/encoding-0.1.12.tgz#538b66f3ee62cd1ab51ec323829d1f9480c74beb"
  dependencies:
    iconv-lite "~0.4.13"

enhanced-resolve@^4.0.0:
  version "4.1.0"
  resolved "https://registry.yarnpkg.com/enhanced-resolve/-/enhanced-resolve-4.1.0.tgz#41c7e0bfdfe74ac1ffe1e57ad6a5c6c9f3742a7f"
  dependencies:
    graceful-fs "^4.1.2"
    memory-fs "^0.4.0"
    tapable "^1.0.0"

errno@^0.1.3:
  version "0.1.7"
  resolved "https://registry.yarnpkg.com/errno/-/errno-0.1.7.tgz#4684d71779ad39af177e3f007996f7c67c852618"
  dependencies:
    prr "~1.0.1"

es-abstract@^1.5.1:
  version "1.12.0"
  resolved "https://registry.yarnpkg.com/es-abstract/-/es-abstract-1.12.0.tgz#9dbbdd27c6856f0001421ca18782d786bf8a6165"
  dependencies:
    es-to-primitive "^1.1.1"
    function-bind "^1.1.1"
    has "^1.0.1"
    is-callable "^1.1.3"
    is-regex "^1.0.4"

es-to-primitive@^1.1.1:
  version "1.1.1"
  resolved "https://registry.yarnpkg.com/es-to-primitive/-/es-to-primitive-1.1.1.tgz#45355248a88979034b6792e19bb81f2b7975dd0d"
  dependencies:
    is-callable "^1.1.1"
    is-date-object "^1.0.1"
    is-symbol "^1.0.1"

es5-ext@^0.10.35, es5-ext@^0.10.9, es5-ext@~0.10.14:
  version "0.10.46"
  resolved "https://registry.yarnpkg.com/es5-ext/-/es5-ext-0.10.46.tgz#efd99f67c5a7ec789baa3daa7f79870388f7f572"
  dependencies:
    es6-iterator "~2.0.3"
    es6-symbol "~3.1.1"
    next-tick "1"

es6-iterator@~2.0.3:
  version "2.0.3"
  resolved "https://registry.yarnpkg.com/es6-iterator/-/es6-iterator-2.0.3.tgz#a7de889141a05a94b0854403b2d0a0fbfa98f3b7"
  dependencies:
    d "1"
    es5-ext "^0.10.35"
    es6-symbol "^3.1.1"

es6-symbol@^3.1.1, es6-symbol@~3.1.1:
  version "3.1.1"
  resolved "https://registry.yarnpkg.com/es6-symbol/-/es6-symbol-3.1.1.tgz#bf00ef4fdab6ba1b46ecb7b629b4c7ed5715cc77"
  dependencies:
    d "1"
    es5-ext "~0.10.14"

escape-string-regexp@^1.0.5:
  version "1.0.5"
  resolved "https://registry.yarnpkg.com/escape-string-regexp/-/escape-string-regexp-1.0.5.tgz#1b61c0562190a8dff6ae3bb2cf0200ca130b86d4"

esutils@^2.0.2:
  version "2.0.2"
  resolved "https://registry.yarnpkg.com/esutils/-/esutils-2.0.2.tgz#0abf4f1caa5bcb1f7a9d8acc6dea4faaa04bac9b"

expand-brackets@^2.1.4:
  version "2.1.4"
  resolved "https://registry.yarnpkg.com/expand-brackets/-/expand-brackets-2.1.4.tgz#b77735e315ce30f6b6eff0f83b04151a22449622"
  dependencies:
    debug "^2.3.3"
    define-property "^0.2.5"
    extend-shallow "^2.0.1"
    posix-character-classes "^0.1.0"
    regex-not "^1.0.0"
    snapdragon "^0.8.1"
    to-regex "^3.0.1"

extend-shallow@^2.0.1:
  version "2.0.1"
  resolved "https://registry.yarnpkg.com/extend-shallow/-/extend-shallow-2.0.1.tgz#51af7d614ad9a9f610ea1bafbb989d6b1c56890f"
  dependencies:
    is-extendable "^0.1.0"

extend-shallow@^3.0.0, extend-shallow@^3.0.2:
  version "3.0.2"
  resolved "https://registry.yarnpkg.com/extend-shallow/-/extend-shallow-3.0.2.tgz#26a71aaf073b39fb2127172746131c2704028db8"
  dependencies:
    assign-symbols "^1.0.0"
    is-extendable "^1.0.1"

extglob@^2.0.4:
  version "2.0.4"
  resolved "https://registry.yarnpkg.com/extglob/-/extglob-2.0.4.tgz#ad00fe4dc612a9232e8718711dc5cb5ab0285543"
  dependencies:
    array-unique "^0.3.2"
    define-property "^1.0.0"
    expand-brackets "^2.1.4"
    extend-shallow "^2.0.1"
    fragment-cache "^0.2.1"
    regex-not "^1.0.0"
    snapdragon "^0.8.1"
    to-regex "^3.0.1"

fbjs@^0.8.16:
  version "0.8.17"
  resolved "https://registry.yarnpkg.com/fbjs/-/fbjs-0.8.17.tgz#c4d598ead6949112653d6588b01a5cdcd9f90fdd"
  dependencies:
    core-js "^1.0.0"
    isomorphic-fetch "^2.1.1"
    loose-envify "^1.0.0"
    object-assign "^4.1.0"
    promise "^7.1.1"
    setimmediate "^1.0.5"
    ua-parser-js "^0.7.18"

fill-range@^4.0.0:
  version "4.0.0"
  resolved "https://registry.yarnpkg.com/fill-range/-/fill-range-4.0.0.tgz#d544811d428f98eb06a63dc402d2403c328c38f7"
  dependencies:
    extend-shallow "^2.0.1"
    is-number "^3.0.0"
    repeat-string "^1.6.1"
    to-regex-range "^2.1.0"

find-cache-dir@^1.0.0:
  version "1.0.0"
  resolved "https://registry.yarnpkg.com/find-cache-dir/-/find-cache-dir-1.0.0.tgz#9288e3e9e3cc3748717d39eade17cf71fc30ee6f"
  dependencies:
    commondir "^1.0.1"
    make-dir "^1.0.0"
    pkg-dir "^2.0.0"

find-up@^2.1.0:
  version "2.1.0"
  resolved "https://registry.yarnpkg.com/find-up/-/find-up-2.1.0.tgz#45d1b7e506c717ddd482775a2b77920a3c0c57a7"
  dependencies:
    locate-path "^2.0.0"

for-in@^1.0.2:
  version "1.0.2"
  resolved "https://registry.yarnpkg.com/for-in/-/for-in-1.0.2.tgz#81068d295a8142ec0ac726c6e2200c30fb6d5e80"

foreach@^2.0.5:
  version "2.0.5"
  resolved "https://registry.yarnpkg.com/foreach/-/foreach-2.0.5.tgz#0bee005018aeb260d0a3af3ae658dd0136ec1b99"

fragment-cache@^0.2.1:
  version "0.2.1"
  resolved "https://registry.yarnpkg.com/fragment-cache/-/fragment-cache-0.2.1.tgz#4290fad27f13e89be7f33799c6bc5a0abfff0d19"
  dependencies:
    map-cache "^0.2.2"

function-bind@^1.1.1:
  version "1.1.1"
  resolved "https://registry.yarnpkg.com/function-bind/-/function-bind-1.1.1.tgz#a56899d3ea3c9bab874bb9773b7c5ede92f4895d"

get-value@^2.0.3, get-value@^2.0.6:
  version "2.0.6"
  resolved "https://registry.yarnpkg.com/get-value/-/get-value-2.0.6.tgz#dc15ca1c672387ca76bd37ac0a395ba2042a2c28"

globals@^11.1.0:
  version "11.8.0"
  resolved "https://registry.yarnpkg.com/globals/-/globals-11.8.0.tgz#c1ef45ee9bed6badf0663c5cb90e8d1adec1321d"

graceful-fs@^4.1.2:
  version "4.1.15"
  resolved "https://registry.yarnpkg.com/graceful-fs/-/graceful-fs-4.1.15.tgz#ffb703e1066e8a0eeaa4c8b80ba9253eeefbfb00"

has-flag@^3.0.0:
  version "3.0.0"
  resolved "https://registry.yarnpkg.com/has-flag/-/has-flag-3.0.0.tgz#b5d454dc2199ae225699f3467e5a07f3b955bafd"

has-symbols@^1.0.0:
  version "1.0.0"
  resolved "https://registry.yarnpkg.com/has-symbols/-/has-symbols-1.0.0.tgz#ba1a8f1af2a0fc39650f5c850367704122063b44"

has-value@^0.3.1:
  version "0.3.1"
  resolved "https://registry.yarnpkg.com/has-value/-/has-value-0.3.1.tgz#7b1f58bada62ca827ec0a2078025654845995e1f"
  dependencies:
    get-value "^2.0.3"
    has-values "^0.1.4"
    isobject "^2.0.0"

has-value@^1.0.0:
  version "1.0.0"
  resolved "https://registry.yarnpkg.com/has-value/-/has-value-1.0.0.tgz#18b281da585b1c5c51def24c930ed29a0be6b177"
  dependencies:
    get-value "^2.0.6"
    has-values "^1.0.0"
    isobject "^3.0.0"

has-values@^0.1.4:
  version "0.1.4"
  resolved "https://registry.yarnpkg.com/has-values/-/has-values-0.1.4.tgz#6d61de95d91dfca9b9a02089ad384bff8f62b771"

has-values@^1.0.0:
  version "1.0.0"
  resolved "https://registry.yarnpkg.com/has-values/-/has-values-1.0.0.tgz#95b0b63fec2146619a6fe57fe75628d5a39efe4f"
  dependencies:
    is-number "^3.0.0"
    kind-of "^4.0.0"

has@^1.0.1:
  version "1.0.3"
  resolved "https://registry.yarnpkg.com/has/-/has-1.0.3.tgz#722d7cbfc1f6aa8241f16dd814e011e1f41e8796"
  dependencies:
    function-bind "^1.1.1"

iconv-lite@~0.4.13:
  version "0.4.23"
  resolved "https://registry.yarnpkg.com/iconv-lite/-/iconv-lite-0.4.23.tgz#297871f63be507adcfbfca715d0cd0eed84e9a63"
  dependencies:
    safer-buffer ">= 2.1.2 < 3"

inherits@~2.0.3:
  version "2.0.3"
  resolved "https://registry.yarnpkg.com/inherits/-/inherits-2.0.3.tgz#633c2c83e3da42a502f52466022480f4208261de"

is-accessor-descriptor@^0.1.6:
  version "0.1.6"
  resolved "https://registry.yarnpkg.com/is-accessor-descriptor/-/is-accessor-descriptor-0.1.6.tgz#a9e12cb3ae8d876727eeef3843f8a0897b5c98d6"
  dependencies:
    kind-of "^3.0.2"

is-accessor-descriptor@^1.0.0:
  version "1.0.0"
  resolved "https://registry.yarnpkg.com/is-accessor-descriptor/-/is-accessor-descriptor-1.0.0.tgz#169c2f6d3df1f992618072365c9b0ea1f6878656"
  dependencies:
    kind-of "^6.0.0"

is-buffer@^1.1.5:
  version "1.1.6"
  resolved "https://registry.yarnpkg.com/is-buffer/-/is-buffer-1.1.6.tgz#efaa2ea9daa0d7ab2ea13a97b2b8ad51fefbe8be"

is-callable@^1.1.1, is-callable@^1.1.3:
  version "1.1.4"
  resolved "https://registry.yarnpkg.com/is-callable/-/is-callable-1.1.4.tgz#1e1adf219e1eeb684d691f9d6a05ff0d30a24d75"

is-data-descriptor@^0.1.4:
  version "0.1.4"
  resolved "https://registry.yarnpkg.com/is-data-descriptor/-/is-data-descriptor-0.1.4.tgz#0b5ee648388e2c860282e793f1856fec3f301b56"
  dependencies:
    kind-of "^3.0.2"

is-data-descriptor@^1.0.0:
  version "1.0.0"
  resolved "https://registry.yarnpkg.com/is-data-descriptor/-/is-data-descriptor-1.0.0.tgz#d84876321d0e7add03990406abbbbd36ba9268c7"
  dependencies:
    kind-of "^6.0.0"

is-date-object@^1.0.1:
  version "1.0.1"
  resolved "https://registry.yarnpkg.com/is-date-object/-/is-date-object-1.0.1.tgz#9aa20eb6aeebbff77fbd33e74ca01b33581d3a16"

is-descriptor@^0.1.0:
  version "0.1.6"
  resolved "https://registry.yarnpkg.com/is-descriptor/-/is-descriptor-0.1.6.tgz#366d8240dde487ca51823b1ab9f07a10a78251ca"
  dependencies:
    is-accessor-descriptor "^0.1.6"
    is-data-descriptor "^0.1.4"
    kind-of "^5.0.0"

is-descriptor@^1.0.0, is-descriptor@^1.0.2:
  version "1.0.2"
  resolved "https://registry.yarnpkg.com/is-descriptor/-/is-descriptor-1.0.2.tgz#3b159746a66604b04f8c81524ba365c5f14d86ec"
  dependencies:
    is-accessor-descriptor "^1.0.0"
    is-data-descriptor "^1.0.0"
    kind-of "^6.0.2"

is-extendable@^0.1.0, is-extendable@^0.1.1:
  version "0.1.1"
  resolved "https://registry.yarnpkg.com/is-extendable/-/is-extendable-0.1.1.tgz#62b110e289a471418e3ec36a617d472e301dfc89"

is-extendable@^1.0.1:
  version "1.0.1"
  resolved "https://registry.yarnpkg.com/is-extendable/-/is-extendable-1.0.1.tgz#a7470f9e426733d81bd81e1155264e3a3507cab4"
  dependencies:
    is-plain-object "^2.0.4"

is-number@^3.0.0:
  version "3.0.0"
  resolved "https://registry.yarnpkg.com/is-number/-/is-number-3.0.0.tgz#24fd6201a4782cf50561c810276afc7d12d71195"
  dependencies:
    kind-of "^3.0.2"

is-plain-object@^2.0.1, is-plain-object@^2.0.3, is-plain-object@^2.0.4:
  version "2.0.4"
  resolved "https://registry.yarnpkg.com/is-plain-object/-/is-plain-object-2.0.4.tgz#2c163b3fafb1b606d9d17928f05c2a1c38e07677"
  dependencies:
    isobject "^3.0.1"

is-regex@^1.0.4:
  version "1.0.4"
  resolved "https://registry.yarnpkg.com/is-regex/-/is-regex-1.0.4.tgz#5517489b547091b0930e095654ced25ee97e9491"
  dependencies:
    has "^1.0.1"

is-stream@^1.0.1:
  version "1.1.0"
  resolved "https://registry.yarnpkg.com/is-stream/-/is-stream-1.1.0.tgz#12d4a3dd4e68e0b79ceb8dbc84173ae80d91ca44"

is-symbol@^1.0.1:
  version "1.0.1"
  resolved "https://registry.yarnpkg.com/is-symbol/-/is-symbol-1.0.1.tgz#3cc59f00025194b6ab2e38dbae6689256b660572"

is-windows@^1.0.2:
  version "1.0.2"
  resolved "https://registry.yarnpkg.com/is-windows/-/is-windows-1.0.2.tgz#d1850eb9791ecd18e6182ce12a30f396634bb19d"

isarray@1.0.0, isarray@~1.0.0:
  version "1.0.0"
  resolved "https://registry.yarnpkg.com/isarray/-/isarray-1.0.0.tgz#bb935d48582cba168c06834957a54a3e07124f11"

isobject@^2.0.0:
  version "2.1.0"
  resolved "https://registry.yarnpkg.com/isobject/-/isobject-2.1.0.tgz#f065561096a3f1da2ef46272f815c840d87e0c89"
  dependencies:
    isarray "1.0.0"

isobject@^3.0.0, isobject@^3.0.1:
  version "3.0.1"
  resolved "https://registry.yarnpkg.com/isobject/-/isobject-3.0.1.tgz#4e431e92b11a9731636aa1f9c8d1ccbcfdab78df"

isomorphic-fetch@^2.1.1:
  version "2.2.1"
  resolved "https://registry.yarnpkg.com/isomorphic-fetch/-/isomorphic-fetch-2.2.1.tgz#611ae1acf14f5e81f729507472819fe9733558a9"
  dependencies:
    node-fetch "^1.0.1"
    whatwg-fetch ">=0.10.0"

"js-tokens@^3.0.0 || ^4.0.0", js-tokens@^4.0.0:
  version "4.0.0"
  resolved "https://registry.yarnpkg.com/js-tokens/-/js-tokens-4.0.0.tgz#19203fb59991df98e3a287050d4647cdeaf32499"

jsesc@^2.5.1:
  version "2.5.1"
  resolved "https://registry.yarnpkg.com/jsesc/-/jsesc-2.5.1.tgz#e421a2a8e20d6b0819df28908f782526b96dd1fe"

json5@^0.5.0:
  version "0.5.1"
  resolved "https://registry.yarnpkg.com/json5/-/json5-0.5.1.tgz#1eade7acc012034ad84e2396767ead9fa5495821"

kind-of@^3.0.2, kind-of@^3.0.3, kind-of@^3.2.0:
  version "3.2.2"
  resolved "https://registry.yarnpkg.com/kind-of/-/kind-of-3.2.2.tgz#31ea21a734bab9bbb0f32466d893aea51e4a3c64"
  dependencies:
    is-buffer "^1.1.5"

kind-of@^4.0.0:
  version "4.0.0"
  resolved "https://registry.yarnpkg.com/kind-of/-/kind-of-4.0.0.tgz#20813df3d712928b207378691a45066fae72dd57"
  dependencies:
    is-buffer "^1.1.5"

kind-of@^5.0.0:
  version "5.1.0"
  resolved "https://registry.yarnpkg.com/kind-of/-/kind-of-5.1.0.tgz#729c91e2d857b7a419a1f9aa65685c4c33f5845d"

kind-of@^6.0.0, kind-of@^6.0.2:
  version "6.0.2"
  resolved "https://registry.yarnpkg.com/kind-of/-/kind-of-6.0.2.tgz#01146b36a6218e64e58f3a8d66de5d7fc6f6d051"

loader-utils@^1.0.2, loader-utils@^1.1.0:
  version "1.1.0"
  resolved "https://registry.yarnpkg.com/loader-utils/-/loader-utils-1.1.0.tgz#c98aef488bcceda2ffb5e2de646d6a754429f5cd"
  dependencies:
    big.js "^3.1.3"
    emojis-list "^2.0.0"
    json5 "^0.5.0"

locate-path@^2.0.0:
  version "2.0.0"
  resolved "https://registry.yarnpkg.com/locate-path/-/locate-path-2.0.0.tgz#2b568b265eec944c6d9c0de9c3dbbbca0354cd8e"
  dependencies:
    p-locate "^2.0.0"
    path-exists "^3.0.0"

lodash@^4.17.10, lodash@^4.17.5:
  version "4.17.11"
  resolved "https://registry.yarnpkg.com/lodash/-/lodash-4.17.11.tgz#b39ea6229ef607ecd89e2c8df12536891cac9b8d"

log-symbols@^2.1.0:
  version "2.2.0"
  resolved "https://registry.yarnpkg.com/log-symbols/-/log-symbols-2.2.0.tgz#5740e1c5d6f0dfda4ad9323b5332107ef6b4c40a"
  dependencies:
    chalk "^2.0.1"

loglevelnext@^1.0.1:
  version "1.0.5"
  resolved "https://registry.yarnpkg.com/loglevelnext/-/loglevelnext-1.0.5.tgz#36fc4f5996d6640f539ff203ba819641680d75a2"
  dependencies:
    es6-symbol "^3.1.1"
    object.assign "^4.1.0"

loose-envify@^1.0.0, loose-envify@^1.1.0, loose-envify@^1.3.1:
  version "1.4.0"
  resolved "https://registry.yarnpkg.com/loose-envify/-/loose-envify-1.4.0.tgz#71ee51fa7be4caec1a63839f7e682d8132d30caf"
  dependencies:
    js-tokens "^3.0.0 || ^4.0.0"

make-dir@^1.0.0:
  version "1.3.0"
  resolved "https://registry.yarnpkg.com/make-dir/-/make-dir-1.3.0.tgz#79c1033b80515bd6d24ec9933e860ca75ee27f0c"
  dependencies:
    pify "^3.0.0"

map-cache@^0.2.2:
  version "0.2.2"
  resolved "https://registry.yarnpkg.com/map-cache/-/map-cache-0.2.2.tgz#c32abd0bd6525d9b051645bb4f26ac5dc98a0dbf"

map-visit@^1.0.0:
  version "1.0.0"
  resolved "https://registry.yarnpkg.com/map-visit/-/map-visit-1.0.0.tgz#ecdca8f13144e660f1b5bd41f12f3479d98dfb8f"
  dependencies:
    object-visit "^1.0.0"

memory-fs@^0.4.0:
  version "0.4.1"
  resolved "https://registry.yarnpkg.com/memory-fs/-/memory-fs-0.4.1.tgz#3a9a20b8462523e447cfbc7e8bb80ed667bfc552"
  dependencies:
    errno "^0.1.3"
    readable-stream "^2.0.1"

micromatch@^3.1.9:
  version "3.1.10"
  resolved "https://registry.yarnpkg.com/micromatch/-/micromatch-3.1.10.tgz#70859bc95c9840952f359a068a3fc49f9ecfac23"
  dependencies:
    arr-diff "^4.0.0"
    array-unique "^0.3.2"
    braces "^2.3.1"
    define-property "^2.0.2"
    extend-shallow "^3.0.2"
    extglob "^2.0.4"
    fragment-cache "^0.2.1"
    kind-of "^6.0.2"
    nanomatch "^1.2.9"
    object.pick "^1.3.0"
    regex-not "^1.0.0"
    snapdragon "^0.8.1"
    to-regex "^3.0.2"

minimist@0.0.8:
  version "0.0.8"
  resolved "https://registry.yarnpkg.com/minimist/-/minimist-0.0.8.tgz#857fcabfc3397d2625b8228262e86aa7a011b05d"

mixin-deep@^1.2.0:
  version "1.3.1"
  resolved "https://registry.yarnpkg.com/mixin-deep/-/mixin-deep-1.3.1.tgz#a49e7268dce1a0d9698e45326c5626df3543d0fe"
  dependencies:
    for-in "^1.0.2"
    is-extendable "^1.0.1"

mkdirp@^0.5.1:
  version "0.5.1"
  resolved "https://registry.yarnpkg.com/mkdirp/-/mkdirp-0.5.1.tgz#30057438eac6cf7f8c4767f38648d6697d75c903"
  dependencies:
    minimist "0.0.8"

ms@2.0.0:
  version "2.0.0"
  resolved "https://registry.yarnpkg.com/ms/-/ms-2.0.0.tgz#5608aeadfc00be6c2901df5f9861788de0d597c8"

ms@^2.1.1:
  version "2.1.1"
  resolved "https://registry.yarnpkg.com/ms/-/ms-2.1.1.tgz#30a5864eb3ebb0a66f2ebe6d727af06a09d86e0a"

nanomatch@^1.2.9:
  version "1.2.13"
  resolved "https://registry.yarnpkg.com/nanomatch/-/nanomatch-1.2.13.tgz#b87a8aa4fc0de8fe6be88895b38983ff265bd119"
  dependencies:
    arr-diff "^4.0.0"
    array-unique "^0.3.2"
    define-property "^2.0.2"
    extend-shallow "^3.0.2"
    fragment-cache "^0.2.1"
    is-windows "^1.0.2"
    kind-of "^6.0.2"
    object.pick "^1.3.0"
    regex-not "^1.0.0"
    snapdragon "^0.8.1"
    to-regex "^3.0.1"

next-tick@1:
  version "1.0.0"
  resolved "http://registry.npmjs.org/next-tick/-/next-tick-1.0.0.tgz#ca86d1fe8828169b0120208e3dc8424b9db8342c"

node-fetch@^1.0.1:
  version "1.7.3"
  resolved "https://registry.yarnpkg.com/node-fetch/-/node-fetch-1.7.3.tgz#980f6f72d85211a5347c6b2bc18c5b84c3eb47ef"
  dependencies:
    encoding "^0.1.11"
    is-stream "^1.0.1"

object-assign@^4.1.0, object-assign@^4.1.1:
  version "4.1.1"
  resolved "https://registry.yarnpkg.com/object-assign/-/object-assign-4.1.1.tgz#2109adc7965887cfc05cbbd442cac8bfbb360863"

object-copy@^0.1.0:
  version "0.1.0"
  resolved "https://registry.yarnpkg.com/object-copy/-/object-copy-0.1.0.tgz#7e7d858b781bd7c991a41ba975ed3812754e998c"
  dependencies:
    copy-descriptor "^0.1.0"
    define-property "^0.2.5"
    kind-of "^3.0.3"

object-keys@^1.0.11, object-keys@^1.0.8:
  version "1.0.12"
  resolved "https://registry.yarnpkg.com/object-keys/-/object-keys-1.0.12.tgz#09c53855377575310cca62f55bb334abff7b3ed2"

object-visit@^1.0.0:
  version "1.0.1"
  resolved "https://registry.yarnpkg.com/object-visit/-/object-visit-1.0.1.tgz#f79c4493af0c5377b59fe39d395e41042dd045bb"
  dependencies:
    isobject "^3.0.0"

object.assign@^4.1.0:
  version "4.1.0"
  resolved "https://registry.yarnpkg.com/object.assign/-/object.assign-4.1.0.tgz#968bf1100d7956bb3ca086f006f846b3bc4008da"
  dependencies:
    define-properties "^1.1.2"
    function-bind "^1.1.1"
    has-symbols "^1.0.0"
    object-keys "^1.0.11"

object.getownpropertydescriptors@^2.0.3:
  version "2.0.3"
  resolved "https://registry.yarnpkg.com/object.getownpropertydescriptors/-/object.getownpropertydescriptors-2.0.3.tgz#8758c846f5b407adab0f236e0986f14b051caa16"
  dependencies:
    define-properties "^1.1.2"
    es-abstract "^1.5.1"

object.pick@^1.3.0:
  version "1.3.0"
  resolved "https://registry.yarnpkg.com/object.pick/-/object.pick-1.3.0.tgz#87a10ac4c1694bd2e1cbf53591a66141fb5dd747"
  dependencies:
    isobject "^3.0.1"

p-limit@^1.1.0:
  version "1.3.0"
  resolved "https://registry.yarnpkg.com/p-limit/-/p-limit-1.3.0.tgz#b86bd5f0c25690911c7590fcbfc2010d54b3ccb8"
  dependencies:
    p-try "^1.0.0"

p-locate@^2.0.0:
  version "2.0.0"
  resolved "https://registry.yarnpkg.com/p-locate/-/p-locate-2.0.0.tgz#20a0103b222a70c8fd39cc2e580680f3dde5ec43"
  dependencies:
    p-limit "^1.1.0"

p-try@^1.0.0:
  version "1.0.0"
  resolved "https://registry.yarnpkg.com/p-try/-/p-try-1.0.0.tgz#cbc79cdbaf8fd4228e13f621f2b1a237c1b207b3"

pascalcase@^0.1.1:
  version "0.1.1"
  resolved "https://registry.yarnpkg.com/pascalcase/-/pascalcase-0.1.1.tgz#b363e55e8006ca6fe21784d2db22bd15d7917f14"

path-exists@^3.0.0:
  version "3.0.0"
  resolved "https://registry.yarnpkg.com/path-exists/-/path-exists-3.0.0.tgz#ce0ebeaa5f78cb18925ea7d810d7b59b010fd515"

path-parse@^1.0.5:
  version "1.0.6"
  resolved "https://registry.yarnpkg.com/path-parse/-/path-parse-1.0.6.tgz#d62dbb5679405d72c4737ec58600e9ddcf06d24c"

pify@^3.0.0:
  version "3.0.0"
  resolved "https://registry.yarnpkg.com/pify/-/pify-3.0.0.tgz#e5a4acd2c101fdf3d9a4d07f0dbc4db49dd28176"

pkg-dir@^2.0.0:
  version "2.0.0"
  resolved "https://registry.yarnpkg.com/pkg-dir/-/pkg-dir-2.0.0.tgz#f6d5d1109e19d63edf428e0bd57e12777615334b"
  dependencies:
    find-up "^2.1.0"

posix-character-classes@^0.1.0:
  version "0.1.1"
  resolved "https://registry.yarnpkg.com/posix-character-classes/-/posix-character-classes-0.1.1.tgz#01eac0fe3b5af71a2a6c02feabb8c1fef7e00eab"

process-nextick-args@~2.0.0:
  version "2.0.0"
  resolved "https://registry.yarnpkg.com/process-nextick-args/-/process-nextick-args-2.0.0.tgz#a37d732f4271b4ab1ad070d35508e8290788ffaa"

promise@^7.1.1:
  version "7.3.1"
  resolved "https://registry.yarnpkg.com/promise/-/promise-7.3.1.tgz#064b72602b18f90f29192b8b1bc418ffd1ebd3bf"
  dependencies:
    asap "~2.0.3"

prop-types@^15.6.0:
  version "15.6.2"
  resolved "https://registry.yarnpkg.com/prop-types/-/prop-types-15.6.2.tgz#05d5ca77b4453e985d60fc7ff8c859094a497102"
  dependencies:
    loose-envify "^1.3.1"
    object-assign "^4.1.1"

prr@~1.0.1:
  version "1.0.1"
  resolved "https://registry.yarnpkg.com/prr/-/prr-1.0.1.tgz#d3fc114ba06995a45ec6893f484ceb1d78f5f476"

react-dom@^16.2.0:
  version "16.4.2"
  resolved "https://registry.yarnpkg.com/react-dom/-/react-dom-16.4.2.tgz#4afed569689f2c561d2b8da0b819669c38a0bda4"
  dependencies:
    fbjs "^0.8.16"
    loose-envify "^1.1.0"
    object-assign "^4.1.1"
    prop-types "^15.6.0"

react@^16.2.0:
  version "16.4.2"
  resolved "https://registry.yarnpkg.com/react/-/react-16.4.2.tgz#2cd90154e3a9d9dd8da2991149fdca3c260e129f"
  dependencies:
    fbjs "^0.8.16"
    loose-envify "^1.1.0"
    object-assign "^4.1.1"
    prop-types "^15.6.0"

readable-stream@^2.0.1:
  version "2.3.6"
  resolved "http://registry.npmjs.org/readable-stream/-/readable-stream-2.3.6.tgz#b11c27d88b8ff1fbe070643cf94b0c79ae1b0aaf"
  dependencies:
    core-util-is "~1.0.0"
    inherits "~2.0.3"
    isarray "~1.0.0"
    process-nextick-args "~2.0.0"
    safe-buffer "~5.1.1"
    string_decoder "~1.1.1"
    util-deprecate "~1.0.1"

regex-not@^1.0.0, regex-not@^1.0.2:
  version "1.0.2"
  resolved "https://registry.yarnpkg.com/regex-not/-/regex-not-1.0.2.tgz#1f4ece27e00b0b65e0247a6810e6a85d83a5752c"
  dependencies:
    extend-shallow "^3.0.2"
    safe-regex "^1.1.0"

repeat-element@^1.1.2:
  version "1.1.3"
  resolved "https://registry.yarnpkg.com/repeat-element/-/repeat-element-1.1.3.tgz#782e0d825c0c5a3bb39731f84efee6b742e6b1ce"

repeat-string@^1.6.1:
  version "1.6.1"
  resolved "https://registry.yarnpkg.com/repeat-string/-/repeat-string-1.6.1.tgz#8dcae470e1c88abc2d600fff4a776286da75e637"

resolve-url@^0.2.1:
  version "0.2.1"
  resolved "https://registry.yarnpkg.com/resolve-url/-/resolve-url-0.2.1.tgz#2c637fe77c893afd2a663fe21aa9080068e2052a"

resolve@^1.3.2:
  version "1.8.1"
  resolved "https://registry.yarnpkg.com/resolve/-/resolve-1.8.1.tgz#82f1ec19a423ac1fbd080b0bab06ba36e84a7a26"
  dependencies:
    path-parse "^1.0.5"

ret@~0.1.10:
  version "0.1.15"
  resolved "https://registry.yarnpkg.com/ret/-/ret-0.1.15.tgz#b8a4825d5bdb1fc3f6f53c2bc33f81388681c7bc"

safe-buffer@~5.1.0, safe-buffer@~5.1.1:
  version "5.1.2"
  resolved "https://registry.yarnpkg.com/safe-buffer/-/safe-buffer-5.1.2.tgz#991ec69d296e0313747d59bdfd2b745c35f8828d"

safe-regex@^1.1.0:
  version "1.1.0"
  resolved "http://registry.npmjs.org/safe-regex/-/safe-regex-1.1.0.tgz#40a3669f3b077d1e943d44629e157dd48023bf2e"
  dependencies:
    ret "~0.1.10"

"safer-buffer@>= 2.1.2 < 3":
  version "2.1.2"
  resolved "https://registry.yarnpkg.com/safer-buffer/-/safer-buffer-2.1.2.tgz#44fa161b0187b9549dd84bb91802f9bd8385cd6a"

semver@^5.4.1:
  version "5.6.0"
  resolved "https://registry.yarnpkg.com/semver/-/semver-5.6.0.tgz#7e74256fbaa49c75aa7c7a205cc22799cac80004"

set-value@^0.4.3:
  version "0.4.3"
  resolved "https://registry.yarnpkg.com/set-value/-/set-value-0.4.3.tgz#7db08f9d3d22dc7f78e53af3c3bf4666ecdfccf1"
  dependencies:
    extend-shallow "^2.0.1"
    is-extendable "^0.1.1"
    is-plain-object "^2.0.1"
    to-object-path "^0.3.0"

set-value@^2.0.0:
  version "2.0.0"
  resolved "https://registry.yarnpkg.com/set-value/-/set-value-2.0.0.tgz#71ae4a88f0feefbbf52d1ea604f3fb315ebb6274"
  dependencies:
    extend-shallow "^2.0.1"
    is-extendable "^0.1.1"
    is-plain-object "^2.0.3"
    split-string "^3.0.1"

setimmediate@^1.0.5:
  version "1.0.5"
  resolved "https://registry.yarnpkg.com/setimmediate/-/setimmediate-1.0.5.tgz#290cbb232e306942d7d7ea9b83732ab7856f8285"

snapdragon-node@^2.0.1:
  version "2.1.1"
  resolved "https://registry.yarnpkg.com/snapdragon-node/-/snapdragon-node-2.1.1.tgz#6c175f86ff14bdb0724563e8f3c1b021a286853b"
  dependencies:
    define-property "^1.0.0"
    isobject "^3.0.0"
    snapdragon-util "^3.0.1"

snapdragon-util@^3.0.1:
  version "3.0.1"
  resolved "https://registry.yarnpkg.com/snapdragon-util/-/snapdragon-util-3.0.1.tgz#f956479486f2acd79700693f6f7b805e45ab56e2"
  dependencies:
    kind-of "^3.2.0"

snapdragon@^0.8.1:
  version "0.8.2"
  resolved "https://registry.yarnpkg.com/snapdragon/-/snapdragon-0.8.2.tgz#64922e7c565b0e14204ba1aa7d6964278d25182d"
  dependencies:
    base "^0.11.1"
    debug "^2.2.0"
    define-property "^0.2.5"
    extend-shallow "^2.0.1"
    map-cache "^0.2.2"
    source-map "^0.5.6"
    source-map-resolve "^0.5.0"
    use "^3.1.0"

source-map-resolve@^0.5.0:
  version "0.5.2"
  resolved "https://registry.yarnpkg.com/source-map-resolve/-/source-map-resolve-0.5.2.tgz#72e2cc34095543e43b2c62b2c4c10d4a9054f259"
  dependencies:
    atob "^2.1.1"
    decode-uri-component "^0.2.0"
    resolve-url "^0.2.1"
    source-map-url "^0.4.0"
    urix "^0.1.0"

source-map-support@^0.5.3:
  version "0.5.9"
  resolved "https://registry.yarnpkg.com/source-map-support/-/source-map-support-0.5.9.tgz#41bc953b2534267ea2d605bccfa7bfa3111ced5f"
  dependencies:
    buffer-from "^1.0.0"
    source-map "^0.6.0"

source-map-url@^0.4.0:
  version "0.4.0"
  resolved "https://registry.yarnpkg.com/source-map-url/-/source-map-url-0.4.0.tgz#3e935d7ddd73631b97659956d55128e87b5084a3"

source-map@^0.5.0, source-map@^0.5.6:
  version "0.5.7"
  resolved "https://registry.yarnpkg.com/source-map/-/source-map-0.5.7.tgz#8a039d2d1021d22d1ea14c80d8ea468ba2ef3fcc"

source-map@^0.6.0:
  version "0.6.1"
  resolved "https://registry.yarnpkg.com/source-map/-/source-map-0.6.1.tgz#74722af32e9614e9c287a8d0bbde48b5e2f1a263"

split-string@^3.0.1, split-string@^3.0.2:
  version "3.1.0"
  resolved "https://registry.yarnpkg.com/split-string/-/split-string-3.1.0.tgz#7cb09dda3a86585705c64b39a6466038682e8fe2"
  dependencies:
    extend-shallow "^3.0.0"

static-extend@^0.1.1:
  version "0.1.2"
  resolved "https://registry.yarnpkg.com/static-extend/-/static-extend-0.1.2.tgz#60809c39cbff55337226fd5e0b520f341f1fb5c6"
  dependencies:
    define-property "^0.2.5"
    object-copy "^0.1.0"

string_decoder@~1.1.1:
  version "1.1.1"
  resolved "https://registry.yarnpkg.com/string_decoder/-/string_decoder-1.1.1.tgz#9cf1611ba62685d7030ae9e4ba34149c3af03fc8"
  dependencies:
    safe-buffer "~5.1.0"

supports-color@^5.3.0:
  version "5.5.0"
  resolved "https://registry.yarnpkg.com/supports-color/-/supports-color-5.5.0.tgz#e2e69a44ac8772f78a1ec0b35b689df6530efc8f"
  dependencies:
    has-flag "^3.0.0"

tapable@^1.0.0:
  version "1.1.0"
  resolved "https://registry.yarnpkg.com/tapable/-/tapable-1.1.0.tgz#0d076a172e3d9ba088fd2272b2668fb8d194b78c"

to-fast-properties@^2.0.0:
  version "2.0.0"
  resolved "https://registry.yarnpkg.com/to-fast-properties/-/to-fast-properties-2.0.0.tgz#dc5e698cbd079265bc73e0377681a4e4e83f616e"

to-object-path@^0.3.0:
  version "0.3.0"
  resolved "https://registry.yarnpkg.com/to-object-path/-/to-object-path-0.3.0.tgz#297588b7b0e7e0ac08e04e672f85c1f4999e17af"
  dependencies:
    kind-of "^3.0.2"

to-regex-range@^2.1.0:
  version "2.1.1"
  resolved "https://registry.yarnpkg.com/to-regex-range/-/to-regex-range-2.1.1.tgz#7c80c17b9dfebe599e27367e0d4dd5590141db38"
  dependencies:
    is-number "^3.0.0"
    repeat-string "^1.6.1"

to-regex@^3.0.1, to-regex@^3.0.2:
  version "3.0.2"
  resolved "https://registry.yarnpkg.com/to-regex/-/to-regex-3.0.2.tgz#13cfdd9b336552f30b51f33a8ae1b42a7a7599ce"
  dependencies:
    define-property "^2.0.2"
    extend-shallow "^3.0.2"
    regex-not "^1.0.2"
    safe-regex "^1.1.0"

trim-right@^1.0.1:
  version "1.0.1"
  resolved "https://registry.yarnpkg.com/trim-right/-/trim-right-1.0.1.tgz#cb2e1203067e0c8de1f614094b9fe45704ea6003"

typescript@^2.9.2:
  version "2.9.2"
  resolved "https://registry.yarnpkg.com/typescript/-/typescript-2.9.2.tgz#1cbf61d05d6b96269244eb6a3bce4bd914e0f00c"

ua-parser-js@^0.7.18:
  version "0.7.18"
  resolved "https://registry.yarnpkg.com/ua-parser-js/-/ua-parser-js-0.7.18.tgz#a7bfd92f56edfb117083b69e31d2aa8882d4b1ed"

union-value@^1.0.0:
  version "1.0.0"
  resolved "https://registry.yarnpkg.com/union-value/-/union-value-1.0.0.tgz#5c71c34cb5bad5dcebe3ea0cd08207ba5aa1aea4"
  dependencies:
    arr-union "^3.1.0"
    get-value "^2.0.6"
    is-extendable "^0.1.1"
    set-value "^0.4.3"

unset-value@^1.0.0:
  version "1.0.0"
  resolved "https://registry.yarnpkg.com/unset-value/-/unset-value-1.0.0.tgz#8376873f7d2335179ffb1e6fc3a8ed0dfc8ab559"
  dependencies:
    has-value "^0.3.1"
    isobject "^3.0.0"

urix@^0.1.0:
  version "0.1.0"
  resolved "https://registry.yarnpkg.com/urix/-/urix-0.1.0.tgz#da937f7a62e21fec1fd18d49b35c2935067a6c72"

use@^3.1.0:
  version "3.1.1"
  resolved "https://registry.yarnpkg.com/use/-/use-3.1.1.tgz#d50c8cac79a19fbc20f2911f56eb973f4e10070f"

util-deprecate@~1.0.1:
  version "1.0.2"
  resolved "https://registry.yarnpkg.com/util-deprecate/-/util-deprecate-1.0.2.tgz#450d4dc9fa70de732762fbd2d4a28981419a0ccf"

util.promisify@^1.0.0:
  version "1.0.0"
  resolved "https://registry.yarnpkg.com/util.promisify/-/util.promisify-1.0.0.tgz#440f7165a459c9a16dc145eb8e72f35687097030"
  dependencies:
    define-properties "^1.1.2"
    object.getownpropertydescriptors "^2.0.3"

uuid@^3.1.0:
  version "3.3.2"
  resolved "https://registry.yarnpkg.com/uuid/-/uuid-3.3.2.tgz#1b4af4955eb3077c501c23872fc6513811587131"

webpack-log@^1.2.0:
  version "1.2.0"
  resolved "https://registry.yarnpkg.com/webpack-log/-/webpack-log-1.2.0.tgz#a4b34cda6b22b518dbb0ab32e567962d5c72a43d"
  dependencies:
    chalk "^2.1.0"
    log-symbols "^2.1.0"
    loglevelnext "^1.0.1"
    uuid "^3.1.0"

whatwg-fetch@>=0.10.0:
  version "2.0.4"
  resolved "https://registry.yarnpkg.com/whatwg-fetch/-/whatwg-fetch-2.0.4.tgz#dde6a5df315f9d39991aa17621853d720b85566f"
